// !$*UTF8*$!
{
	archiveVersion = 1;
	classes = {
	};
	objectVersion = 77;
	objects = {

/* Begin PBXBuildFile section */
		76F708992F9BAD6A00E5197B /* GoogleService-Info.plist in Resources */ = {isa = PBXBuildFile; fileRef = 76F708982F9BAD6A00E5197B /* GoogleService-Info.plist */; };
		76F7089C2F9BADD100E5197B /* GoogleSignIn in Frameworks */ = {isa = PBXBuildFile; productRef = 76F7089B2F9BADD100E5197B /* GoogleSignIn */; };
		76F7089E2F9BADD100E5197B /* GoogleSignInSwift in Frameworks */ = {isa = PBXBuildFile; productRef = 76F7089D2F9BADD100E5197B /* GoogleSignInSwift */; };
		76F708A32F9BAF8300E5197B /* FirebaseAuth in Frameworks */ = {isa = PBXBuildFile; productRef = 76F708A22F9BAF8300E5197B /* FirebaseAuth */; };
		76F708A52F9BAF8300E5197B /* FirebaseFirestore in Frameworks */ = {isa = PBXBuildFile; productRef = 76F708A42F9BAF8300E5197B /* FirebaseFirestore */; };
/* End PBXBuildFile section */

/* Begin PBXContainerItemProxy section */
		760666AB2F6A01CD000EE45C /* PBXContainerItemProxy */ = {
			isa = PBXContainerItemProxy;
			containerPortal = 760666922F6A01CB000EE45C /* Project object */;
			proxyType = 1;
			remoteGlobalIDString = 760666992F6A01CB000EE45C;
			remoteInfo = YellowBasket;
		};
		760666B52F6A01CD000EE45C /* PBXContainerItemProxy */ = {
			isa = PBXContainerItemProxy;
			containerPortal = 760666922F6A01CB000EE45C /* Project object */;
			proxyType = 1;
			remoteGlobalIDString = 760666992F6A01CB000EE45C;
			remoteInfo = YellowBasket;
		};
/* End PBXContainerItemProxy section */

/* Begin PBXFileReference section */
		7606669A2F6A01CB000EE45C /* YellowBasket.app */ = {isa = PBXFileReference; explicitFileType = wrapper.application; includeInIndex = 0; path = YellowBasket.app; sourceTree = BUILT_PRODUCTS_DIR; };
		760666AA2F6A01CD000EE45C /* YellowBasketTests.xctest */ = {isa = PBXFileReference; explicitFileType = wrapper.cfbundle; includeInIndex = 0; path = YellowBasketTests.xctest; sourceTree = BUILT_PRODUCTS_DIR; };
		760666B42F6A01CD000EE45C /* YellowBasketUITests.xctest */ = {isa = PBXFileReference; explicitFileType = wrapper.cfbundle; includeInIndex = 0; path = YellowBasketUITests.xctest; sourceTree = BUILT_PRODUCTS_DIR; };
		76F708982F9BAD6A00E5197B /* GoogleService-Info.plist */ = {isa = PBXFileReference; lastKnownFileType = text.plist.xml; path = "GoogleService-Info.plist"; sourceTree = "<group>"; };
/* End PBXFileReference section */

/* Begin PBXFileSystemSynchronizedBuildFileExceptionSet section */
		76F708A02F9BAEA500E5197B /* Exceptions for "YellowBasket" folder in "YellowBasket" target */ = {
			isa = PBXFileSystemSynchronizedBuildFileExceptionSet;
			membershipExceptions = (
				Info.plist,
			);
			target = 760666992F6A01CB000EE45C /* YellowBasket */;
		};
/* End PBXFileSystemSynchronizedBuildFileExceptionSet section */

/* Begin PBXFileSystemSynchronizedRootGroup section */
		7606669C2F6A01CB000EE45C /* YellowBasket */ = {
			isa = PBXFileSystemSynchronizedRootGroup;
			exceptions = (
				76F708A02F9BAEA500E5197B /* Exceptions for "YellowBasket" folder in "YellowBasket" target */,
			);
			path = YellowBasket;
			sourceTree = "<group>";
		};
		760666AD2F6A01CD000EE45C /* YellowBasketTests */ = {
			isa = PBXFileSystemSynchronizedRootGroup;
			path = YellowBasketTests;
			sourceTree = "<group>";
		};
		760666B72F6A01CD000EE45C /* YellowBasketUITests */ = {
			isa = PBXFileSystemSynchronizedRootGroup;
			path = YellowBasketUITests;
			sourceTree = "<group>";
		};
/* End PBXFileSystemSynchronizedRootGroup section */

/* Begin PBXFrameworksBuildPhase section */
		760666972F6A01CB000EE45C /* Frameworks */ = {
			isa = PBXFrameworksBuildPhase;
			buildActionMask = 2147483647;
			files = (
				76F7089C2F9BADD100E5197B /* GoogleSignIn in Frameworks */,
				76F708A52F9BAF8300E5197B /* FirebaseFirestore in Frameworks */,
				76F708A32F9BAF8300E5197B /* FirebaseAuth in Frameworks */,
				76F7089E2F9BADD100E5197B /* GoogleSignInSwift in Frameworks */,
			);
			runOnlyForDeploymentPostprocessing = 0;
		};
		760666A72F6A01CD000EE45C /* Frameworks */ = {
			isa = PBXFrameworksBuildPhase;
			buildActionMask = 2147483647;
			files = (
			);
			runOnlyForDeploymentPostprocessing = 0;
		};
		760666B12F6A01CD000EE45C /* Frameworks */ = {
			isa = PBXFrameworksBuildPhase;
			buildActionMask = 2147483647;
			files = (
			);
			runOnlyForDeploymentPostprocessing = 0;
		};
/* End PBXFrameworksBuildPhase section */

/* Begin PBXGroup section */
		760666912F6A01CB000EE45C = {
			isa = PBXGroup;
			children = (
				7606669C2F6A01CB000EE45C /* YellowBasket */,
				760666AD2F6A01CD000EE45C /* YellowBasketTests */,
				760666B72F6A01CD000EE45C /* YellowBasketUITests */,
				7606669B2F6A01CB000EE45C /* Products */,
				76F708982F9BAD6A00E5197B /* GoogleService-Info.plist */,
			);
			sourceTree = "<group>";
		};
		7606669B2F6A01CB000EE45C /* Products */ = {
			isa = PBXGroup;
			children = (
				7606669A2F6A01CB000EE45C /* YellowBasket.app */,
				760666AA2F6A01CD000EE45C /* YellowBasketTests.xctest */,
				760666B42F6A01CD000EE45C /* YellowBasketUITests.xctest */,
			);
			name = Products;
			sourceTree = "<group>";
		};
/* End PBXGroup section */

/* Begin PBXNativeTarget section */
		760666992F6A01CB000EE45C /* YellowBasket */ = {
			isa = PBXNativeTarget;
			buildConfigurationList = 760666BE2F6A01CD000EE45C /* Build configuration list for PBXNativeTarget "YellowBasket" */;
			buildPhases = (
				760666962F6A01CB000EE45C /* Sources */,
				760666972F6A01CB000EE45C /* Frameworks */,
				760666982F6A01CB000EE45C /* Resources */,
			);
			buildRules = (
			);
			dependencies = (
			);
			fileSystemSynchronizedGroups = (
				7606669C2F6A01CB000EE45C /* YellowBasket */,
			);
			name = YellowBasket;
			packageProductDependencies = (
				76F7089B2F9BADD100E5197B /* GoogleSignIn */,
				76F7089D2F9BADD100E5197B /* GoogleSignInSwift */,
				76F708A22F9BAF8300E5197B /* FirebaseAuth */,
				76F708A42F9BAF8300E5197B /* FirebaseFirestore */,
			);
			productName = YellowBasket;
			productReference = 7606669A2F6A01CB000EE45C /* YellowBasket.app */;
			productType = "com.apple.product-type.application";
		};
		760666A92F6A01CD000EE45C /* YellowBasketTests */ = {
			isa = PBXNativeTarget;
			buildConfigurationList = 760666C12F6A01CD000EE45C /* Build configuration list for PBXNativeTarget "YellowBasketTests" */;
			buildPhases = (
				760666A62F6A01CD000EE45C /* Sources */,
				760666A72F6A01CD000EE45C /* Frameworks */,
				760666A82F6A01CD000EE45C /* Resources */,
			);
			buildRules = (
			);
			dependencies = (
				760666AC2F6A01CD000EE45C /* PBXTargetDependency */,
			);
			fileSystemSynchronizedGroups = (
				760666AD2F6A01CD000EE45C /* YellowBasketTests */,
			);
			name = YellowBasketTests;
			packageProductDependencies = (
			);
			productName = YellowBasketTests;
			productReference = 760666AA2F6A01CD000EE45C /* YellowBasketTests.xctest */;
			productType = "com.apple.product-type.bundle.unit-test";
		};
		760666B32F6A01CD000EE45C /* YellowBasketUITests */ = {
			isa = PBXNativeTarget;
			buildConfigurationList = 760666C42F6A01CD000EE45C /* Build configuration list for PBXNativeTarget "YellowBasketUITests" */;
			buildPhases = (
				760666B02F6A01CD000EE45C /* Sources */,
				760666B12F6A01CD000EE45C /* Frameworks */,
				760666B22F6A01CD000EE45C /* Resources */,
			);
			buildRules = (
			);
			dependencies = (
				760666B62F6A01CD000EE45C /* PBXTargetDependency */,
			);
			fileSystemSynchronizedGroups = (
				760666B72F6A01CD000EE45C /* YellowBasketUITests */,
			);
			name = YellowBasketUITests;
			packageProductDependencies = (
			);
			productName = YellowBasketUITests;
			productReference = 760666B42F6A01CD000EE45C /* YellowBasketUITests.xctest */;
			productType = "com.apple.product-type.bundle.ui-testing";
		};
/* End PBXNativeTarget section */

/* Begin PBXProject section */
		760666922F6A01CB000EE45C /* Project object */ = {
			isa = PBXProject;
			attributes = {
				BuildIndependentTargetsInParallel = 1;
				LastSwiftUpdateCheck = 1620;
				LastUpgradeCheck = 1620;
				TargetAttributes = {
					760666992F6A01CB000EE45C = {
						CreatedOnToolsVersion = 16.2;
					};
					760666A92F6A01CD000EE45C = {
						CreatedOnToolsVersion = 16.2;
						TestTargetID = 760666992F6A01CB000EE45C;
					};
					760666B32F6A01CD000EE45C = {
						CreatedOnToolsVersion = 16.2;
						TestTargetID = 760666992F6A01CB000EE45C;
					};
				};
			};
			buildConfigurationList = 760666952F6A01CB000EE45C /* Build configuration list for PBXProject "YellowBasket" */;
			developmentRegion = en;
			hasScannedForEncodings = 0;
			knownRegions = (
				en,
				Base,
			);
			mainGroup = 760666912F6A01CB000EE45C;
			minimizedProjectReferenceProxies = 1;
			packageReferences = (
				76F7089A2F9BADD100E5197B /* XCRemoteSwiftPackageReference "GoogleSignIn-iOS" */,
				76F708A12F9BAF8300E5197B /* XCRemoteSwiftPackageReference "firebase-ios-sdk" */,
			);
			preferredProjectObjectVersion = 77;
			productRefGroup = 7606669B2F6A01CB000EE45C /* Products */;
			projectDirPath = "";
			projectRoot = "";
			targets = (
				760666992F6A01CB000EE45C /* YellowBasket */,
				760666A92F6A01CD000EE45C /* YellowBasketTests */,
				760666B32F6A01CD000EE45C /* YellowBasketUITests */,
			);
		};
/* End PBXProject section */

/* Begin PBXResourcesBuildPhase section */
		760666982F6A01CB000EE45C /* Resources */ = {
			isa = PBXResourcesBuildPhase;
			buildActionMask = 2147483647;
			files = (
				76F708992F9BAD6A00E5197B /* GoogleService-Info.plist in Resources */,
			);
			runOnlyForDeploymentPostprocessing = 0;
		};
		760666A82F6A01CD000EE45C /* Resources */ = {
			isa = PBXResourcesBuildPhase;
			buildActionMask = 2147483647;
			files = (
			);
			runOnlyForDeploymentPostprocessing = 0;
		};
		760666B22F6A01CD000EE45C /* Resources */ = {
			isa = PBXResourcesBuildPhase;
			buildActionMask = 2147483647;
			files = (
			);
			runOnlyForDeploymentPostprocessing = 0;
		};
/* End PBXResourcesBuildPhase section */

/* Begin PBXSourcesBuildPhase section */
		760666962F6A01CB000EE45C /* Sources */ = {
			isa = PBXSourcesBuildPhase;
			buildActionMask = 2147483647;
			files = (
			);
			runOnlyForDeploymentPostprocessing = 0;
		};
		760666A62F6A01CD000EE45C /* Sources */ = {
			isa = PBXSourcesBuildPhase;
			buildActionMask = 2147483647;
			files = (
			);
			runOnlyForDeploymentPostprocessing = 0;
		};
		760666B02F6A01CD000EE45C /* Sources */ = {
			isa = PBXSourcesBuildPhase;
			buildActionMask = 2147483647;
			files = (
			);
			runOnlyForDeploymentPostprocessing = 0;
		};
/* End PBXSourcesBuildPhase section */

/* Begin PBXTargetDependency section */
		760666AC2F6A01CD000EE45C /* PBXTargetDependency */ = {
			isa = PBXTargetDependency;
			target = 760666992F6A01CB000EE45C /* YellowBasket */;
			targetProxy = 760666AB2F6A01CD000EE45C /* PBXContainerItemProxy */;
		};
		760666B62F6A01CD000EE45C /* PBXTargetDependency */ = {
			isa = PBXTargetDependency;
			target = 760666992F6A01CB000EE45C /* YellowBasket */;
			targetProxy = 760666B52F6A01CD000EE45C /* PBXContainerItemProxy */;
		};
/* End PBXTargetDependency section */

/* Begin XCBuildConfiguration section */
		760666BC2F6A01CD000EE45C /* Debug */ = {
			isa = XCBuildConfiguration;
			buildSettings = {
				ALWAYS_SEARCH_USER_PATHS = NO;
				ASSETCATALOG_COMPILER_GENERATE_SWIFT_ASSET_SYMBOL_EXTENSIONS = YES;
				CLANG_ANALYZER_NONNULL = YES;
				CLANG_ANALYZER_NUMBER_OBJECT_CONVERSION = YES_AGGRESSIVE;
				CLANG_CXX_LANGUAGE_STANDARD = "gnu++20";
				CLANG_ENABLE_MODULES = YES;
				CLANG_ENABLE_OBJC_ARC = YES;
				CLANG_ENABLE_OBJC_WEAK = YES;
				CLANG_WARN_BLOCK_CAPTURE_AUTORELEASING = YES;
				CLANG_WARN_BOOL_CONVERSION = YES;
				CLANG_WARN_COMMA = YES;
				CLANG_WARN_CONSTANT_CONVERSION = YES;
				CLANG_WARN_DEPRECATED_OBJC_IMPLEMENTATIONS = YES;
				CLANG_WARN_DIRECT_OBJC_ISA_USAGE = YES_ERROR;
				CLANG_WARN_DOCUMENTATION_COMMENTS = YES;
				CLANG_WARN_EMPTY_BODY = YES;
				CLANG_WARN_ENUM_CONVERSION = YES;
				CLANG_WARN_INFINITE_RECURSION = YES;
				CLANG_WARN_INT_CONVERSION = YES;
				CLANG_WARN_NON_LITERAL_NULL_CONVERSION = YES;
				CLANG_WARN_OBJC_IMPLICIT_RETAIN_SELF = YES;
				CLANG_WARN_OBJC_LITERAL_CONVERSION = YES;
				CLANG_WARN_OBJC_ROOT_CLASS = YES_ERROR;
				CLANG_WARN_QUOTED_INCLUDE_IN_FRAMEWORK_HEADER = YES;
				CLANG_WARN_RANGE_LOOP_ANALYSIS = YES;
				CLANG_WARN_STRICT_PROTOTYPES = YES;
				CLANG_WARN_SUSPICIOUS_MOVE = YES;
				CLANG_WARN_UNGUARDED_AVAILABILITY = YES_AGGRESSIVE;
				CLANG_WARN_UNREACHABLE_CODE = YES;
				CLANG_WARN__DUPLICATE_METHOD_MATCH = YES;
				COPY_PHASE_STRIP = NO;
				DEBUG_INFORMATION_FORMAT = dwarf;
				ENABLE_STRICT_OBJC_MSGSEND = YES;
				ENABLE_TESTABILITY = YES;
				ENABLE_USER_SCRIPT_SANDBOXING = YES;
				GCC_C_LANGUAGE_STANDARD = gnu17;
				GCC_DYNAMIC_NO_PIC = NO;
				GCC_NO_COMMON_BLOCKS = YES;
				GCC_OPTIMIZATION_LEVEL = 0;
				GCC_PREPROCESSOR_DEFINITIONS = (
					"DEBUG=1",
					"$(inherited)",
				);
				GCC_WARN_64_TO_32_BIT_CONVERSION = YES;
				GCC_WARN_ABOUT_RETURN_TYPE = YES_ERROR;
				GCC_WARN_UNDECLARED_SELECTOR = YES;
				GCC_WARN_UNINITIALIZED_AUTOS = YES_AGGRESSIVE;
				GCC_WARN_UNUSED_FUNCTION = YES;
				GCC_WARN_UNUSED_VARIABLE = YES;
				IPHONEOS_DEPLOYMENT_TARGET = 18.2;
				LOCALIZATION_PREFERS_STRING_CATALOGS = YES;
				MTL_ENABLE_DEBUG_INFO = INCLUDE_SOURCE;
				MTL_FAST_MATH = YES;
				ONLY_ACTIVE_ARCH = YES;
				SDKROOT = iphoneos;
				SWIFT_ACTIVE_COMPILATION_CONDITIONS = "DEBUG $(inherited)";
				SWIFT_OPTIMIZATION_LEVEL = "-Onone";
			};
			name = Debug;
		};
		760666BD2F6A01CD000EE45C /* Release */ = {
			isa = XCBuildConfiguration;
			buildSettings = {
				ALWAYS_SEARCH_USER_PATHS = NO;
				ASSETCATALOG_COMPILER_GENERATE_SWIFT_ASSET_SYMBOL_EXTENSIONS = YES;
				CLANG_ANALYZER_NONNULL = YES;
				CLANG_ANALYZER_NUMBER_OBJECT_CONVERSION = YES_AGGRESSIVE;
				CLANG_CXX_LANGUAGE_STANDARD = "gnu++20";
				CLANG_ENABLE_MODULES = YES;
				CLANG_ENABLE_OBJC_ARC = YES;
				CLANG_ENABLE_OBJC_WEAK = YES;
				CLANG_WARN_BLOCK_CAPTURE_AUTORELEASING = YES;
				CLANG_WARN_BOOL_CONVERSION = YES;
				CLANG_WARN_COMMA = YES;
				CLANG_WARN_CONSTANT_CONVERSION = YES;
				CLANG_WARN_DEPRECATED_OBJC_IMPLEMENTATIONS = YES;
				CLANG_WARN_DIRECT_OBJC_ISA_USAGE = YES_ERROR;
				CLANG_WARN_DOCUMENTATION_COMMENTS = YES;
				CLANG_WARN_EMPTY_BODY = YES;
				CLANG_WARN_ENUM_CONVERSION = YES;
				CLANG_WARN_INFINITE_RECURSION = YES;
				CLANG_WARN_INT_CONVERSION = YES;
				CLANG_WARN_NON_LITERAL_NULL_CONVERSION = YES;
				CLANG_WARN_OBJC_IMPLICIT_RETAIN_SELF = YES;
				CLANG_WARN_OBJC_LITERAL_CONVERSION = YES;
				CLANG_WARN_OBJC_ROOT_CLASS = YES_ERROR;
				CLANG_WARN_QUOTED_INCLUDE_IN_FRAMEWORK_HEADER = YES;
				CLANG_WARN_RANGE_LOOP_ANALYSIS = YES;
				CLANG_WARN_STRICT_PROTOTYPES = YES;
				CLANG_WARN_SUSPICIOUS_MOVE = YES;
				CLANG_WARN_UNGUARDED_AVAILABILITY = YES_AGGRESSIVE;
				CLANG_WARN_UNREACHABLE_CODE = YES;
				CLANG_WARN__DUPLICATE_METHOD_MATCH = YES;
				COPY_PHASE_STRIP = NO;
				DEBUG_INFORMATION_FORMAT = "dwarf-with-dsym";
				ENABLE_NS_ASSERTIONS = NO;
				ENABLE_STRICT_OBJC_MSGSEND = YES;
				ENABLE_USER_SCRIPT_SANDBOXING = YES;
				GCC_C_LANGUAGE_STANDARD = gnu17;
				GCC_NO_COMMON_BLOCKS = YES;
				GCC_WARN_64_TO_32_BIT_CONVERSION = YES;
				GCC_WARN_ABOUT_RETURN_TYPE = YES_ERROR;
				GCC_WARN_UNDECLARED_SELECTOR = YES;
				GCC_WARN_UNINITIALIZED_AUTOS = YES_AGGRESSIVE;
				GCC_WARN_UNUSED_FUNCTION = YES;
				GCC_WARN_UNUSED_VARIABLE = YES;
				IPHONEOS_DEPLOYMENT_TARGET = 18.2;
				LOCALIZATION_PREFERS_STRING_CATALOGS = YES;
				MTL_ENABLE_DEBUG_INFO = NO;
				MTL_FAST_MATH = YES;
				SDKROOT = iphoneos;
				SWIFT_COMPILATION_MODE = wholemodule;
				VALIDATE_PRODUCT = YES;
			};
			name = Release;
		};
		760666BF2F6A01CD000EE45C /* Debug */ = {
			isa = XCBuildConfiguration;
			buildSettings = {
				ASSETCATALOG_COMPILER_APPICON_NAME = AppIcon;
				ASSETCATALOG_COMPILER_GLOBAL_ACCENT_COLOR_NAME = AccentColor;
				CODE_SIGN_STYLE = Automatic;
				CURRENT_PROJECT_VERSION = 1;
				DEVELOPMENT_ASSET_PATHS = "\"YellowBasket/Preview Content\"";
				DEVELOPMENT_TEAM = W9YYF3S4QB;
				ENABLE_PREVIEWS = YES;
				GENERATE_INFOPLIST_FILE = YES;
				INFOPLIST_FILE = YellowBasket/Info.plist;
				INFOPLIST_KEY_UIApplicationSceneManifest_Generation = YES;
				INFOPLIST_KEY_UIApplicationSupportsIndirectInputEvents = YES;
				INFOPLIST_KEY_UILaunchScreen_Generation = YES;
				INFOPLIST_KEY_UISupportedInterfaceOrientations_iPad = "UIInterfaceOrientationPortrait UIInterfaceOrientationPortraitUpsideDown UIInterfaceOrientationLandscapeLeft UIInterfaceOrientationLandscapeRight";
				INFOPLIST_KEY_UISupportedInterfaceOrientations_iPhone = "UIInterfaceOrientationPortrait UIInterfaceOrientationLandscapeLeft UIInterfaceOrientationLandscapeRight";
				LD_RUNPATH_SEARCH_PATHS = (
					"$(inherited)",
					"@executable_path/Frameworks",
				);
				MARKETING_VERSION = 1.0;
				PRODUCT_BUNDLE_IDENTIFIER = com.raidkhan.YellowBasket;
				PRODUCT_NAME = "$(TARGET_NAME)";
				SWIFT_EMIT_LOC_STRINGS = YES;
				SWIFT_VERSION = 5.0;
				TARGETED_DEVICE_FAMILY = "1,2";
			};
			name = Debug;
		};
		760666C02F6A01CD000EE45C /* Release */ = {
			isa = XCBuildConfiguration;
			buildSettings = {
				ASSETCATALOG_COMPILER_APPICON_NAME = AppIcon;
				ASSETCATALOG_COMPILER_GLOBAL_ACCENT_COLOR_NAME = AccentColor;
				CODE_SIGN_STYLE = Automatic;
				CURRENT_PROJECT_VERSION = 1;
				DEVELOPMENT_ASSET_PATHS = "\"YellowBasket/Preview Content\"";
				DEVELOPMENT_TEAM = W9YYF3S4QB;
				ENABLE_PREVIEWS = YES;
				GENERATE_INFOPLIST_FILE = YES;
				INFOPLIST_FILE = YellowBasket/Info.plist;
				INFOPLIST_KEY_UIApplicationSceneManifest_Generation = YES;
				INFOPLIST_KEY_UIApplicationSupportsIndirectInputEvents = YES;
				INFOPLIST_KEY_UILaunchScreen_Generation = YES;
				INFOPLIST_KEY_UISupportedInterfaceOrientations_iPad = "UIInterfaceOrientationPortrait UIInterfaceOrientationPortraitUpsideDown UIInterfaceOrientationLandscapeLeft UIInterfaceOrientationLandscapeRight";
				INFOPLIST_KEY_UISupportedInterfaceOrientations_iPhone = "UIInterfaceOrientationPortrait UIInterfaceOrientationLandscapeLeft UIInterfaceOrientationLandscapeRight";
				LD_RUNPATH_SEARCH_PATHS = (
					"$(inherited)",
					"@executable_path/Frameworks",
				);
				MARKETING_VERSION = 1.0;
				PRODUCT_BUNDLE_IDENTIFIER = com.raidkhan.YellowBasket;
				PRODUCT_NAME = "$(TARGET_NAME)";
				SWIFT_EMIT_LOC_STRINGS = YES;
				SWIFT_VERSION = 5.0;
				TARGETED_DEVICE_FAMILY = "1,2";
			};
			name = Release;
		};
		760666C22F6A01CD000EE45C /* Debug */ = {
			isa = XCBuildConfiguration;
			buildSettings = {
				BUNDLE_LOADER = "$(TEST_HOST)";
				CODE_SIGN_STYLE = Automatic;
				CURRENT_PROJECT_VERSION = 1;
				DEVELOPMENT_TEAM = W9YYF3S4QB;
				GENERATE_INFOPLIST_FILE = YES;
				IPHONEOS_DEPLOYMENT_TARGET = 18.2;
				MARKETING_VERSION = 1.0;
				PRODUCT_BUNDLE_IDENTIFIER = com.raidkhan.YellowBasketTests;
				PRODUCT_NAME = "$(TARGET_NAME)";
				SWIFT_EMIT_LOC_STRINGS = NO;
				SWIFT_VERSION = 5.0;
				TARGETED_DEVICE_FAMILY = "1,2";
				TEST_HOST = "$(BUILT_PRODUCTS_DIR)/YellowBasket.app/$(BUNDLE_EXECUTABLE_FOLDER_PATH)/YellowBasket";
			};
			name = Debug;
		};
		760666C32F6A01CD000EE45C /* Release */ = {
			isa = XCBuildConfiguration;
			buildSettings = {
				BUNDLE_LOADER = "$(TEST_HOST)";
				CODE_SIGN_STYLE = Automatic;
				CURRENT_PROJECT_VERSION = 1;
				DEVELOPMENT_TEAM = W9YYF3S4QB;
				GENERATE_INFOPLIST_FILE = YES;
				IPHONEOS_DEPLOYMENT_TARGET = 18.2;
				MARKETING_VERSION = 1.0;
				PRODUCT_BUNDLE_IDENTIFIER = com.raidkhan.YellowBasketTests;
				PRODUCT_NAME = "$(TARGET_NAME)";
				SWIFT_EMIT_LOC_STRINGS = NO;
				SWIFT_VERSION = 5.0;
				TARGETED_DEVICE_FAMILY = "1,2";
				TEST_HOST = "$(BUILT_PRODUCTS_DIR)/YellowBasket.app/$(BUNDLE_EXECUTABLE_FOLDER_PATH)/YellowBasket";
			};
			name = Release;
		};
		760666C52F6A01CD000EE45C /* Debug */ = {
			isa = XCBuildConfiguration;
			buildSettings = {
				CODE_SIGN_STYLE = Automatic;
				CURRENT_PROJECT_VERSION = 1;
				DEVELOPMENT_TEAM = W9YYF3S4QB;
				GENERATE_INFOPLIST_FILE = YES;
				MARKETING_VERSION = 1.0;
				PRODUCT_BUNDLE_IDENTIFIER = com.raidkhan.YellowBasketUITests;
				PRODUCT_NAME = "$(TARGET_NAME)";
				SWIFT_EMIT_LOC_STRINGS = NO;
				SWIFT_VERSION = 5.0;
				TARGETED_DEVICE_FAMILY = "1,2";
				TEST_TARGET_NAME = YellowBasket;
			};
			name = Debug;
		};
		760666C62F6A01CD000EE45C /* Release */ = {
			isa = XCBuildConfiguration;
			buildSettings = {
				CODE_SIGN_STYLE = Automatic;
				CURRENT_PROJECT_VERSION = 1;
				DEVELOPMENT_TEAM = W9YYF3S4QB;
				GENERATE_INFOPLIST_FILE = YES;
				MARKETING_VERSION = 1.0;
				PRODUCT_BUNDLE_IDENTIFIER = com.raidkhan.YellowBasketUITests;
				PRODUCT_NAME = "$(TARGET_NAME)";
				SWIFT_EMIT_LOC_STRINGS = NO;
				SWIFT_VERSION = 5.0;
				TARGETED_DEVICE_FAMILY = "1,2";
				TEST_TARGET_NAME = YellowBasket;
			};
			name = Release;
		};
/* End XCBuildConfiguration section */

/* Begin XCConfigurationList section */
		760666952F6A01CB000EE45C /* Build configuration list for PBXProject "YellowBasket" */ = {
			isa = XCConfigurationList;
			buildConfigurations = (
				760666BC2F6A01CD000EE45C /* Debug */,
				760666BD2F6A01CD000EE45C /* Release */,
			);
			defaultConfigurationIsVisible = 0;
			defaultConfigurationName = Release;
		};
		760666BE2F6A01CD000EE45C /* Build configuration list for PBXNativeTarget "YellowBasket" */ = {
			isa = XCConfigurationList;
			buildConfigurations = (
				760666BF2F6A01CD000EE45C /* Debug */,
				760666C02F6A01CD000EE45C /* Release */,
			);
			defaultConfigurationIsVisible = 0;
			defaultConfigurationName = Release;
		};
		760666C12F6A01CD000EE45C /* Build configuration list for PBXNativeTarget "YellowBasketTests" */ = {
			isa = XCConfigurationList;
			buildConfigurations = (
				760666C22F6A01CD000EE45C /* Debug */,
				760666C32F6A01CD000EE45C /* Release */,
			);
			defaultConfigurationIsVisible = 0;
			defaultConfigurationName = Release;
		};
		760666C42F6A01CD000EE45C /* Build configuration list for PBXNativeTarget "YellowBasketUITests" */ = {
			isa = XCConfigurationList;
			buildConfigurations = (
				760666C52F6A01CD000EE45C /* Debug */,
				760666C62F6A01CD000EE45C /* Release */,
			);
			defaultConfigurationIsVisible = 0;
			defaultConfigurationName = Release;
		};
/* End XCConfigurationList section */

/* Begin XCRemoteSwiftPackageReference section */
		76F7089A2F9BADD100E5197B /* XCRemoteSwiftPackageReference "GoogleSignIn-iOS" */ = {
			isa = XCRemoteSwiftPackageReference;
			repositoryURL = "https://github.com/google/GoogleSignIn-iOS";
			requirement = {
				kind = upToNextMajorVersion;
				minimumVersion = 9.1.0;
			};
		};
		76F708A12F9BAF8300E5197B /* XCRemoteSwiftPackageReference "firebase-ios-sdk" */ = {
			isa = XCRemoteSwiftPackageReference;
			repositoryURL = "https://github.com/firebase/firebase-ios-sdk";
			requirement = {
				kind = upToNextMajorVersion;
				minimumVersion = 12.12.1;
			};
		};
/* End XCRemoteSwiftPackageReference section */

/* Begin XCSwiftPackageProductDependency section */
		76F7089B2F9BADD100E5197B /* GoogleSignIn */ = {
			isa = XCSwiftPackageProductDependency;
			package = 76F7089A2F9BADD100E5197B /* XCRemoteSwiftPackageReference "GoogleSignIn-iOS" */;
			productName = GoogleSignIn;
		};
		76F7089D2F9BADD100E5197B /* GoogleSignInSwift */ = {
			isa = XCSwiftPackageProductDependency;
			package = 76F7089A2F9BADD100E5197B /* XCRemoteSwiftPackageReference "GoogleSignIn-iOS" */;
			productName = GoogleSignInSwift;
		};
		76F708A22F9BAF8300E5197B /* FirebaseAuth */ = {
			isa = XCSwiftPackageProductDependency;
			package = 76F708A12F9BAF8300E5197B /* XCRemoteSwiftPackageReference "firebase-ios-sdk" */;
			productName = FirebaseAuth;
		};
		76F708A42F9BAF8300E5197B /* FirebaseFirestore */ = {
			isa = XCSwiftPackageProductDependency;
			package = 76F708A12F9BAF8300E5197B /* XCRemoteSwiftPackageReference "firebase-ios-sdk" */;
			productName = FirebaseFirestore;
		};
/* End XCSwiftPackageProductDependency section */
	};
	rootObject = 760666922F6A01CB000EE45C /* Project object */;
}
